
Microsoft Visual Studio Solution File, Format Version 12.00
# Visual Studio Version 17
VisualStudioVersion = 17.14.36301.6 d17.14
MinimumVisualStudioVersion = 10.0.40219.1
Project("{FAE04EC0-301F-11D3-BF4B-00C04F79EFBC}") = "ExtentReporting2", "ExtentReporting2.csproj", "{C177EDF7-1A74-43E1-91E6-83D37233B310}"
EndProject
Global
	GlobalSection(SolutionConfigurationPlatforms) = preSolution
		Debug|Any CPU = Debug|Any CPU
		Release|Any CPU = Release|Any CPU
	EndGlobalSection
	GlobalSection(ProjectConfigurationPlatforms) = postSolution
		{C177EDF7-1A74-43E1-91E6-83D37233B310}.Debug|Any CPU.ActiveCfg = Debug|Any CPU
		{C177EDF7-1A74-43E1-91E6-83D37233B310}.Debug|Any CPU.Build.0 = Debug|Any CPU
		{C177EDF7-1A74-43E1-91E6-83D37233B310}.Release|Any CPU.ActiveCfg = Release|Any CPU
		{C177EDF7-1A74-43E1-91E6-83D37233B310}.Release|Any CPU.Build.0 = Release|Any CPU
	EndGlobalSection
	GlobalSection(SolutionProperties) = preSolution
		HideSolutionNode = FALSE
	EndGlobalSection
	GlobalSection(ExtensibilityGlobals) = postSolution
		SolutionGuid = {1C437B2E-8236-4911-AD53-BC297AFCB322}
	EndGlobalSection
EndGlobal
